// !$*UTF8*$!
{
	archiveVersion = 1;
	classes = {
	};
	objectVersion = 46;
	objects = {

/* Begin PBXBuildFile section */
		A082A6321C98E83700BE442F /* main.m in Sources */ = {isa = PBXBuildFile; fileRef = A082A6311C98E83700BE442F /* main.m */; };
		A082A6351C98E83800BE442F /* AppDelegate.m in Sources */ = {isa = PBXBuildFile; fileRef = A082A6341C98E83700BE442F /* AppDelegate.m */; };
		A082A6381C98E83800BE442F /* ViewController.m in Sources */ = {isa = PBXBuildFile; fileRef = A082A6371C98E83800BE442F /* ViewController.m */; };
		A082A63B1C98E83800BE442F /* Main.storyboard in Resources */ = {isa = PBXBuildFile; fileRef = A082A6391C98E83800BE442F /* Main.storyboard */; };
		A082A63D1C98E83800BE442F /* Assets.xcassets in Resources */ = {isa = PBXBuildFile; fileRef = A082A63C1C98E83800BE442F /* Assets.xcassets */; };
		A082A6401C98E83800BE442F /* LaunchScreen.storyboard in Resources */ = {isa = PBXBuildFile; fileRef = A082A63E1C98E83800BE442F /* LaunchScreen.storyboard */; };
		A082A64B1C98E83800BE442F /* ________Tests.m in Sources */ = {isa = PBXBuildFile; fileRef = A082A64A1C98E83800BE442F /* ________Tests.m */; };
		A082A6561C98E83800BE442F /* ________UITests.m in Sources */ = {isa = PBXBuildFile; fileRef = A082A6551C98E83800BE442F /* ________UITests.m */; };
		A082A6681C98E93000BE442F /* CaculatorMaker.m in Sources */ = {isa = PBXBuildFile; fileRef = A082A6671C98E93000BE442F /* CaculatorMaker.m */; };
		A082A66B1C98ED8800BE442F /* NSObject+Caculator.m in Sources */ = {isa = PBXBuildFile; fileRef = A082A66A1C98ED8800BE442F /* NSObject+Caculator.m */; };
/* End PBXBuildFile section */

/* Begin PBXContainerItemProxy section */
		A082A6471C98E83800BE442F /* PBXContainerItemProxy */ = {
			isa = PBXContainerItemProxy;
			containerPortal = A082A6251C98E83700BE442F /* Project object */;
			proxyType = 1;
			remoteGlobalIDString = A082A62C1C98E83700BE442F;
			remoteInfo = "链式编程思想练习";
		};
		A082A6521C98E83800BE442F /* PBXContainerItemProxy */ = {
			isa = PBXContainerItemProxy;
			containerPortal = A082A6251C98E83700BE442F /* Project object */;
			proxyType = 1;
			remoteGlobalIDString = A082A62C1C98E83700BE442F;
			remoteInfo = "链式编程思想练习";
		};
/* End PBXContainerItemProxy section */

/* Begin PBXFileReference section */
		A082A62D1C98E83700BE442F /* 链式编程思想练习.app */ = {isa = PBXFileReference; explicitFileType = wrapper.application; includeInIndex = 0; path = "链式编程思想练习.app"; sourceTree = BUILT_PRODUCTS_DIR; };
		A082A6311C98E83700BE442F /* main.m */ = {isa = PBXFileReference; lastKnownFileType = sourcecode.c.objc; path = main.m; sourceTree = "<group>"; };
		A082A6331C98E83700BE442F /* AppDelegate.h */ = {isa = PBXFileReference; lastKnownFileType = sourcecode.c.h; path = AppDelegate.h; sourceTree = "<group>"; };
		A082A6341C98E83700BE442F /* AppDelegate.m */ = {isa = PBXFileReference; lastKnownFileType = sourcecode.c.objc; path = AppDelegate.m; sourceTree = "<group>"; };
		A082A6361C98E83800BE442F /* ViewController.h */ = {isa = PBXFileReference; lastKnownFileType = sourcecode.c.h; path = ViewController.h; sourceTree = "<group>"; };
		A082A6371C98E83800BE442F /* ViewController.m */ = {isa = PBXFileReference; lastKnownFileType = sourcecode.c.objc; path = ViewController.m; sourceTree = "<group>"; };
		A082A63A1C98E83800BE442F /* Base */ = {isa = PBXFileReference; lastKnownFileType = file.storyboard; name = Base; path = Base.lproj/Main.storyboard; sourceTree = "<group>"; };
		A082A63C1C98E83800BE442F /* Assets.xcassets */ = {isa = PBXFileReference; lastKnownFileType = folder.assetcatalog; path = Assets.xcassets; sourceTree = "<group>"; };
		A082A63F1C98E83800BE442F /* Base */ = {isa = PBXFileReference; lastKnownFileType = file.storyboard; name = Base; path = Base.lproj/LaunchScreen.storyboard; sourceTree = "<group>"; };
		A082A6411C98E83800BE442F /* Info.plist */ = {isa = PBXFileReference; lastKnownFileType = text.plist.xml; path = Info.plist; sourceTree = "<group>"; };
		A082A6461C98E83800BE442F /* 链式编程思想练习Tests.xctest */ = {isa = PBXFileReference; explicitFileType = wrapper.cfbundle; includeInIndex = 0; path = "链式编程思想练习Tests.xctest"; sourceTree = BUILT_PRODUCTS_DIR; };
		A082A64A1C98E83800BE442F /* ________Tests.m */ = {isa = PBXFileReference; lastKnownFileType = sourcecode.c.objc; path = "________Tests.m"; sourceTree = "<group>"; };
		A082A64C1C98E83800BE442F /* Info.plist */ = {isa = PBXFileReference; lastKnownFileType = text.plist.xml; path = Info.plist; sourceTree = "<group>"; };
		A082A6511C98E83800BE442F /* 链式编程思想练习UITests.xctest */ = {isa = PBXFileReference; explicitFileType = wrapper.cfbundle; includeInIndex = 0; path = "链式编程思想练习UITests.xctest"; sourceTree = BUILT_PRODUCTS_DIR; };
		A082A6551C98E83800BE442F /* ________UITests.m */ = {isa = PBXFileReference; lastKnownFileType = sourcecode.c.objc; path = "________UITests.m"; sourceTree = "<group>"; };
		A082A6571C98E83800BE442F /* Info.plist */ = {isa = PBXFileReference; lastKnownFileType = text.plist.xml; path = Info.plist; sourceTree = "<group>"; };
		A082A6661C98E93000BE442F /* CaculatorMaker.h */ = {isa = PBXFileReference; fileEncoding = 4; lastKnownFileType = sourcecode.c.h; path = CaculatorMaker.h; sourceTree = "<group>"; };
		A082A6671C98E93000BE442F /* CaculatorMaker.m */ = {isa = PBXFileReference; fileEncoding = 4; lastKnownFileType = sourcecode.c.objc; path = CaculatorMaker.m; sourceTree = "<group>"; };
		A082A6691C98ED8800BE442F /* NSObject+Caculator.h */ = {isa = PBXFileReference; fileEncoding = 4; lastKnownFileType = sourcecode.c.h; path = "NSObject+Caculator.h"; sourceTree = "<group>"; };
		A082A66A1C98ED8800BE442F /* NSObject+Caculator.m */ = {isa = PBXFileReference; fileEncoding = 4; lastKnownFileType = sourcecode.c.objc; path = "NSObject+Caculator.m"; sourceTree = "<group>"; };
/* End PBXFileReference section */

/* Begin PBXFrameworksBuildPhase section */
		A082A62A1C98E83700BE442F /* Frameworks */ = {
			isa = PBXFrameworksBuildPhase;
			buildActionMask = 2147483647;
			files = (
			);
			runOnlyForDeploymentPostprocessing = 0;
		};
		A082A6431C98E83800BE442F /* Frameworks */ = {
			isa = PBXFrameworksBuildPhase;
			buildActionMask = 2147483647;
			files = (
			);
			runOnlyForDeploymentPostprocessing = 0;
		};
		A082A64E1C98E83800BE442F /* Frameworks */ = {
			isa = PBXFrameworksBuildPhase;
			buildActionMask = 2147483647;
			files = (
			);
			runOnlyForDeploymentPostprocessing = 0;
		};
/* End PBXFrameworksBuildPhase section */

/* Begin PBXGroup section */
		A082A6241C98E83700BE442F = {
			isa = PBXGroup;
			children = (
				A082A62F1C98E83700BE442F /* 链式编程思想练习 */,
				A082A6491C98E83800BE442F /* 链式编程思想练习Tests */,
				A082A6541C98E83800BE442F /* 链式编程思想练习UITests */,
				A082A62E1C98E83700BE442F /* Products */,
			);
			sourceTree = "<group>";
		};
		A082A62E1C98E83700BE442F /* Products */ = {
			isa = PBXGroup;
			children = (
				A082A62D1C98E83700BE442F /* 链式编程思想练习.app */,
				A082A6461C98E83800BE442F /* 链式编程思想练习Tests.xctest */,
				A082A6511C98E83800BE442F /* 链式编程思想练习UITests.xctest */,
			);
			name = Products;
			sourceTree = "<group>";
		};
		A082A62F1C98E83700BE442F /* 链式编程思想练习 */ = {
			isa = PBXGroup;
			children = (
				A082A6331C98E83700BE442F /* AppDelegate.h */,
				A082A6341C98E83700BE442F /* AppDelegate.m */,
				A082A6361C98E83800BE442F /* ViewController.h */,
				A082A6371C98E83800BE442F /* ViewController.m */,
				A082A6661C98E93000BE442F /* CaculatorMaker.h */,
				A082A6671C98E93000BE442F /* CaculatorMaker.m */,
				A082A6691C98ED8800BE442F /* NSObject+Caculator.h */,
				A082A66A1C98ED8800BE442F /* NSObject+Caculator.m */,
				A082A6391C98E83800BE442F /* Main.storyboard */,
				A082A63C1C98E83800BE442F /* Assets.xcassets */,
				A082A63E1C98E83800BE442F /* LaunchScreen.storyboard */,
				A082A6411C98E83800BE442F /* Info.plist */,
				A082A6301C98E83700BE442F /* Supporting Files */,
			);
			path = "链式编程思想练习";
			sourceTree = "<group>";
		};
		A082A6301C98E83700BE442F /* Supporting Files */ = {
			isa = PBXGroup;
			children = (
				A082A6311C98E83700BE442F /* main.m */,
			);
			name = "Supporting Files";
			sourceTree = "<group>";
		};
		A082A6491C98E83800BE442F /* 链式编程思想练习Tests */ = {
			isa = PBXGroup;
			children = (
				A082A64A1C98E83800BE442F /* ________Tests.m */,
				A082A64C1C98E83800BE442F /* Info.plist */,
			);
			path = "链式编程思想练习Tests";
			sourceTree = "<group>";
		};
		A082A6541C98E83800BE442F /* 链式编程思想练习UITests */ = {
			isa = PBXGroup;
			children = (
				A082A6551C98E83800BE442F /* ________UITests.m */,
				A082A6571C98E83800BE442F /* Info.plist */,
			);
			path = "链式编程思想练习UITests";
			sourceTree = "<group>";
		};
/* End PBXGroup section */

/* Begin PBXNativeTarget section */
		A082A62C1C98E83700BE442F /* 链式编程思想练习 */ = {
			isa = PBXNativeTarget;
			buildConfigurationList = A082A65A1C98E83800BE442F /* Build configuration list for PBXNativeTarget "链式编程思想练习" */;
			buildPhases = (
				A082A6291C98E83700BE442F /* Sources */,
				A082A62A1C98E83700BE442F /* Frameworks */,
				A082A62B1C98E83700BE442F /* Resources */,
			);
			buildRules = (
			);
			dependencies = (
			);
			name = "链式编程思想练习";
			productName = "链式编程思想练习";
			productReference = A082A62D1C98E83700BE442F /* 链式编程思想练习.app */;
			productType = "com.apple.product-type.application";
		};
		A082A6451C98E83800BE442F /* 链式编程思想练习Tests */ = {
			isa = PBXNativeTarget;
			buildConfigurationList = A082A65D1C98E83800BE442F /* Build configuration list for PBXNativeTarget "链式编程思想练习Tests" */;
			buildPhases = (
				A082A6421C98E83800BE442F /* Sources */,
				A082A6431C98E83800BE442F /* Frameworks */,
				A082A6441C98E83800BE442F /* Resources */,
			);
			buildRules = (
			);
			dependencies = (
				A082A6481C98E83800BE442F /* PBXTargetDependency */,
			);
			name = "链式编程思想练习Tests";
			productName = "链式编程思想练习Tests";
			productReference = A082A6461C98E83800BE442F /* 链式编程思想练习Tests.xctest */;
			productType = "com.apple.product-type.bundle.unit-test";
		};
		A082A6501C98E83800BE442F /* 链式编程思想练习UITests */ = {
			isa = PBXNativeTarget;
			buildConfigurationList = A082A6601C98E83800BE442F /* Build configuration list for PBXNativeTarget "链式编程思想练习UITests" */;
			buildPhases = (
				A082A64D1C98E83800BE442F /* Sources */,
				A082A64E1C98E83800BE442F /* Frameworks */,
				A082A64F1C98E83800BE442F /* Resources */,
			);
			buildRules = (
			);
			dependencies = (
				A082A6531C98E83800BE442F /* PBXTargetDependency */,
			);
			name = "链式编程思想练习UITests";
			productName = "链式编程思想练习UITests";
			productReference = A082A6511C98E83800BE442F /* 链式编程思想练习UITests.xctest */;
			productType = "com.apple.product-type.bundle.ui-testing";
		};
/* End PBXNativeTarget section */

/* Begin PBXProject section */
		A082A6251C98E83700BE442F /* Project object */ = {
			isa = PBXProject;
			attributes = {
				LastUpgradeCheck = 0720;
				ORGANIZATIONNAME = "乌日巴图";
				TargetAttributes = {
					A082A62C1C98E83700BE442F = {
						CreatedOnToolsVersion = 7.2.1;
					};
					A082A6451C98E83800BE442F = {
						CreatedOnToolsVersion = 7.2.1;
						TestTargetID = A082A62C1C98E83700BE442F;
					};
					A082A6501C98E83800BE442F = {
						CreatedOnToolsVersion = 7.2.1;
						TestTargetID = A082A62C1C98E83700BE442F;
					};
				};
			};
			buildConfigurationList = A082A6281C98E83700BE442F /* Build configuration list for PBXProject "链式编程思想练习" */;
			compatibilityVersion = "Xcode 3.2";
			developmentRegion = English;
			hasScannedForEncodings = 0;
			knownRegions = (
				en,
				Base,
			);
			mainGroup = A082A6241C98E83700BE442F;
			productRefGroup = A082A62E1C98E83700BE442F /* Products */;
			projectDirPath = "";
			projectRoot = "";
			targets = (
				A082A62C1C98E83700BE442F /* 链式编程思想练习 */,
				A082A6451C98E83800BE442F /* 链式编程思想练习Tests */,
				A082A6501C98E83800BE442F /* 链式编程思想练习UITests */,
			);
		};
/* End PBXProject section */

/* Begin PBXResourcesBuildPhase section */
		A082A62B1C98E83700BE442F /* Resources */ = {
			isa = PBXResourcesBuildPhase;
			buildActionMask = 2147483647;
			files = (
				A082A6401C98E83800BE442F /* LaunchScreen.storyboard in Resources */,
				A082A63D1C98E83800BE442F /* Assets.xcassets in Resources */,
				A082A63B1C98E83800BE442F /* Main.storyboard in Resources */,
			);
			runOnlyForDeploymentPostprocessing = 0;
		};
		A082A6441C98E83800BE442F /* Resources */ = {
			isa = PBXResourcesBuildPhase;
			buildActionMask = 2147483647;
			files = (
			);
			runOnlyForDeploymentPostprocessing = 0;
		};
		A082A64F1C98E83800BE442F /* Resources */ = {
			isa = PBXResourcesBuildPhase;
			buildActionMask = 2147483647;
			files = (
			);
			runOnlyForDeploymentPostprocessing = 0;
		};
/* End PBXResourcesBuildPhase section */

/* Begin PBXSourcesBuildPhase section */
		A082A6291C98E83700BE442F /* Sources */ = {
			isa = PBXSourcesBuildPhase;
			buildActionMask = 2147483647;
			files = (
				A082A6381C98E83800BE442F /* ViewController.m in Sources */,
				A082A6681C98E93000BE442F /* CaculatorMaker.m in Sources */,
				A082A6351C98E83800BE442F /* AppDelegate.m in Sources */,
				A082A6321C98E83700BE442F /* main.m in Sources */,
				A082A66B1C98ED8800BE442F /* NSObject+Caculator.m in Sources */,
			);
			runOnlyForDeploymentPostprocessing = 0;
		};
		A082A6421C98E83800BE442F /* Sources */ = {
			isa = PBXSourcesBuildPhase;
			buildActionMask = 2147483647;
			files = (
				A082A64B1C98E83800BE442F /* ________Tests.m in Sources */,
			);
			runOnlyForDeploymentPostprocessing = 0;
		};
		A082A64D1C98E83800BE442F /* Sources */ = {
			isa = PBXSourcesBuildPhase;
			buildActionMask = 2147483647;
			files = (
				A082A6561C98E83800BE442F /* ________UITests.m in Sources */,
			);
			runOnlyForDeploymentPostprocessing = 0;
		};
/* End PBXSourcesBuildPhase section */

/* Begin PBXTargetDependency section */
		A082A6481C98E83800BE442F /* PBXTargetDependency */ = {
			isa = PBXTargetDependency;
			target = A082A62C1C98E83700BE442F /* 链式编程思想练习 */;
			targetProxy = A082A6471C98E83800BE442F /* PBXContainerItemProxy */;
		};
		A082A6531C98E83800BE442F /* PBXTargetDependency */ = {
			isa = PBXTargetDependency;
			target = A082A62C1C98E83700BE442F /* 链式编程思想练习 */;
			targetProxy = A082A6521C98E83800BE442F /* PBXContainerItemProxy */;
		};
/* End PBXTargetDependency section */

/* Begin PBXVariantGroup section */
		A082A6391C98E83800BE442F /* Main.storyboard */ = {
			isa = PBXVariantGroup;
			children = (
				A082A63A1C98E83800BE442F /* Base */,
			);
			name = Main.storyboard;
			sourceTree = "<group>";
		};
		A082A63E1C98E83800BE442F /* LaunchScreen.storyboard */ = {
			isa = PBXVariantGroup;
			children = (
				A082A63F1C98E83800BE442F /* Base */,
			);
			name = LaunchScreen.storyboard;
			sourceTree = "<group>";
		};
/* End PBXVariantGroup section */

/* Begin XCBuildConfiguration section */
		A082A6581C98E83800BE442F /* Debug */ = {
			isa = XCBuildConfiguration;
			buildSettings = {
				ALWAYS_SEARCH_USER_PATHS = NO;
				CLANG_CXX_LANGUAGE_STANDARD = "gnu++0x";
				CLANG_CXX_LIBRARY = "libc++";
				CLANG_ENABLE_MODULES = YES;
				CLANG_ENABLE_OBJC_ARC = YES;
				CLANG_WARN_BOOL_CONVERSION = YES;
				CLANG_WARN_CONSTANT_CONVERSION = YES;
				CLANG_WARN_DIRECT_OBJC_ISA_USAGE = YES_ERROR;
				CLANG_WARN_EMPTY_BODY = YES;
				CLANG_WARN_ENUM_CONVERSION = YES;
				CLANG_WARN_INT_CONVERSION = YES;
				CLANG_WARN_OBJC_ROOT_CLASS = YES_ERROR;
				CLANG_WARN_UNREACHABLE_CODE = YES;
				CLANG_WARN__DUPLICATE_METHOD_MATCH = YES;
				"CODE_SIGN_IDENTITY[sdk=iphoneos*]" = "iPhone Developer";
				COPY_PHASE_STRIP = NO;
				DEBUG_INFORMATION_FORMAT = dwarf;
				ENABLE_STRICT_OBJC_MSGSEND = YES;
				ENABLE_TESTABILITY = YES;
				GCC_C_LANGUAGE_STANDARD = gnu99;
				GCC_DYNAMIC_NO_PIC = NO;
				GCC_NO_COMMON_BLOCKS = YES;
				GCC_OPTIMIZATION_LEVEL = 0;
				GCC_PREPROCESSOR_DEFINITIONS = (
					"DEBUG=1",
					"$(inherited)",
				);
				GCC_WARN_64_TO_32_BIT_CONVERSION = YES;
				GCC_WARN_ABOUT_RETURN_TYPE = YES_ERROR;
				GCC_WARN_UNDECLARED_SELECTOR = YES;
				GCC_WARN_UNINITIALIZED_AUTOS = YES_AGGRESSIVE;
				GCC_WARN_UNUSED_FUNCTION = YES;
				GCC_WARN_UNUSED_VARIABLE = YES;
				IPHONEOS_DEPLOYMENT_TARGET = 9.2;
				MTL_ENABLE_DEBUG_INFO = YES;
				ONLY_ACTIVE_ARCH = YES;
				SDKROOT = iphoneos;
			};
			name = Debug;
		};
		A082A6591C98E83800BE442F /* Release */ = {
			isa = XCBuildConfiguration;
			buildSettings = {
				ALWAYS_SEARCH_USER_PATHS = NO;
				CLANG_CXX_LANGUAGE_STANDARD = "gnu++0x";
				CLANG_CXX_LIBRARY = "libc++";
				CLANG_ENABLE_MODULES = YES;
				CLANG_ENABLE_OBJC_ARC = YES;
				CLANG_WARN_BOOL_CONVERSION = YES;
				CLANG_WARN_CONSTANT_CONVERSION = YES;
				CLANG_WARN_DIRECT_OBJC_ISA_USAGE = YES_ERROR;
				CLANG_WARN_EMPTY_BODY = YES;
				CLANG_WARN_ENUM_CONVERSION = YES;
				CLANG_WARN_INT_CONVERSION = YES;
				CLANG_WARN_OBJC_ROOT_CLASS = YES_ERROR;
				CLANG_WARN_UNREACHABLE_CODE = YES;
				CLANG_WARN__DUPLICATE_METHOD_MATCH = YES;
				"CODE_SIGN_IDENTITY[sdk=iphoneos*]" = "iPhone Developer";
				COPY_PHASE_STRIP = NO;
				DEBUG_INFORMATION_FORMAT = "dwarf-with-dsym";
				ENABLE_NS_ASSERTIONS = NO;
				ENABLE_STRICT_OBJC_MSGSEND = YES;
				GCC_C_LANGUAGE_STANDARD = gnu99;
				GCC_NO_COMMON_BLOCKS = YES;
				GCC_WARN_64_TO_32_BIT_CONVERSION = YES;
				GCC_WARN_ABOUT_RETURN_TYPE = YES_ERROR;
				GCC_WARN_UNDECLARED_SELECTOR = YES;
				GCC_WARN_UNINITIALIZED_AUTOS = YES_AGGRESSIVE;
				GCC_WARN_UNUSED_FUNCTION = YES;
				GCC_WARN_UNUSED_VARIABLE = YES;
				IPHONEOS_DEPLOYMENT_TARGET = 9.2;
				MTL_ENABLE_DEBUG_INFO = NO;
				SDKROOT = iphoneos;
				VALIDATE_PRODUCT = YES;
			};
			name = Release;
		};
		A082A65B1C98E83800BE442F /* Debug */ = {
			isa = XCBuildConfiguration;
			buildSettings = {
				ASSETCATALOG_COMPILER_APPICON_NAME = AppIcon;
				INFOPLIST_FILE = "链式编程思想练习/Info.plist";
				LD_RUNPATH_SEARCH_PATHS = "$(inherited) @executable_path/Frameworks";
				PRODUCT_BUNDLE_IDENTIFIER = "mainbo.com.--------";
				PRODUCT_NAME = "$(TARGET_NAME)";
			};
			name = Debug;
		};
		A082A65C1C98E83800BE442F /* Release */ = {
			isa = XCBuildConfiguration;
			buildSettings = {
				ASSETCATALOG_COMPILER_APPICON_NAME = AppIcon;
				INFOPLIST_FILE = "链式编程思想练习/Info.plist";
				LD_RUNPATH_SEARCH_PATHS = "$(inherited) @executable_path/Frameworks";
				PRODUCT_BUNDLE_IDENTIFIER = "mainbo.com.--------";
				PRODUCT_NAME = "$(TARGET_NAME)";
			};
			name = Release;
		};
		A082A65E1C98E83800BE442F /* Debug */ = {
			isa = XCBuildConfiguration;
			buildSettings = {
				BUNDLE_LOADER = "$(TEST_HOST)";
				INFOPLIST_FILE = "链式编程思想练习Tests/Info.plist";
				LD_RUNPATH_SEARCH_PATHS = "$(inherited) @executable_path/Frameworks @loader_path/Frameworks";
				PRODUCT_BUNDLE_IDENTIFIER = "mainbo.com.--------Tests";
				PRODUCT_NAME = "$(TARGET_NAME)";
				TEST_HOST = "$(BUILT_PRODUCTS_DIR)/链式编程思想练习.app/链式编程思想练习";
			};
			name = Debug;
		};
		A082A65F1C98E83800BE442F /* Release */ = {
			isa = XCBuildConfiguration;
			buildSettings = {
				BUNDLE_LOADER = "$(TEST_HOST)";
				INFOPLIST_FILE = "链式编程思想练习Tests/Info.plist";
				LD_RUNPATH_SEARCH_PATHS = "$(inherited) @executable_path/Frameworks @loader_path/Frameworks";
				PRODUCT_BUNDLE_IDENTIFIER = "mainbo.com.--------Tests";
				PRODUCT_NAME = "$(TARGET_NAME)";
				TEST_HOST = "$(BUILT_PRODUCTS_DIR)/链式编程思想练习.app/链式编程思想练习";
			};
			name = Release;
		};
		A082A6611C98E83800BE442F /* Debug */ = {
			isa = XCBuildConfiguration;
			buildSettings = {
				INFOPLIST_FILE = "链式编程思想练习UITests/Info.plist";
				LD_RUNPATH_SEARCH_PATHS = "$(inherited) @executable_path/Frameworks @loader_path/Frameworks";
				PRODUCT_BUNDLE_IDENTIFIER = "mainbo.com.--------UITests";
				PRODUCT_NAME = "$(TARGET_NAME)";
				TEST_TARGET_NAME = "链式编程思想练习";
				USES_XCTRUNNER = YES;
			};
			name = Debug;
		};
		A082A6621C98E83800BE442F /* Release */ = {
			isa = XCBuildConfiguration;
			buildSettings = {
				INFOPLIST_FILE = "链式编程思想练习UITests/Info.plist";
				LD_RUNPATH_SEARCH_PATHS = "$(inherited) @executable_path/Frameworks @loader_path/Frameworks";
				PRODUCT_BUNDLE_IDENTIFIER = "mainbo.com.--------UITests";
				PRODUCT_NAME = "$(TARGET_NAME)";
				TEST_TARGET_NAME = "链式编程思想练习";
				USES_XCTRUNNER = YES;
			};
			name = Release;
		};
/* End XCBuildConfiguration section */

/* Begin XCConfigurationList section */
		A082A6281C98E83700BE442F /* Build configuration list for PBXProject "链式编程思想练习" */ = {
			isa = XCConfigurationList;
			buildConfigurations = (
				A082A6581C98E83800BE442F /* Debug */,
				A082A6591C98E83800BE442F /* Release */,
			);
			defaultConfigurationIsVisible = 0;
			defaultConfigurationName = Release;
		};
		A082A65A1C98E83800BE442F /* Build configuration list for PBXNativeTarget "链式编程思想练习" */ = {
			isa = XCConfigurationList;
			buildConfigurations = (
				A082A65B1C98E83800BE442F /* Debug */,
				A082A65C1C98E83800BE442F /* Release */,
			);
			defaultConfigurationIsVisible = 0;
		};
		A082A65D1C98E83800BE442F /* Build configuration list for PBXNativeTarget "链式编程思想练习Tests" */ = {
			isa = XCConfigurationList;
			buildConfigurations = (
				A082A65E1C98E83800BE442F /* Debug */,
				A082A65F1C98E83800BE442F /* Release */,
			);
			defaultConfigurationIsVisible = 0;
		};
		A082A6601C98E83800BE442F /* Build configuration list for PBXNativeTarget "链式编程思想练习UITests" */ = {
			isa = XCConfigurationList;
			buildConfigurations = (
				A082A6611C98E83800BE442F /* Debug */,
				A082A6621C98E83800BE442F /* Release */,
			);
			defaultConfigurationIsVisible = 0;
		};
/* End XCConfigurationList section */
	};
	rootObject = A082A6251C98E83700BE442F /* Project object */;
}
